
Microsoft Visual Studio Solution File, Format Version 12.00
# Visual Studio Version 17
VisualStudioVersion = 17.10.35027.167
MinimumVisualStudioVersion = 10.0.40219.1
Project("{FAE04EC0-301F-11D3-BF4B-00C04F79EFBC}") = "Ejercicio7Cadenas", "Ejercicio7Cadenas\Ejercicio7Cadenas.csproj", "{91CC4860-E24E-4303-B623-9BBD76F7EF2E}"
EndProject
Global
	GlobalSection(SolutionConfigurationPlatforms) = preSolution
		Debug|Any CPU = Debug|Any CPU
		Release|Any CPU = Release|Any CPU
	EndGlobalSection
	GlobalSection(ProjectConfigurationPlatforms) = postSolution
		{91CC4860-E24E-4303-B623-9BBD76F7EF2E}.Debug|Any CPU.ActiveCfg = Debug|Any CPU
		{91CC4860-E24E-4303-B623-9BBD76F7EF2E}.Debug|Any CPU.Build.0 = Debug|Any CPU
		{91CC4860-E24E-4303-B623-9BBD76F7EF2E}.Release|Any CPU.ActiveCfg = Release|Any CPU
		{91CC4860-E24E-4303-B623-9BBD76F7EF2E}.Release|Any CPU.Build.0 = Release|Any CPU
	EndGlobalSection
	GlobalSection(SolutionProperties) = preSolution
		HideSolutionNode = FALSE
	EndGlobalSection
	GlobalSection(ExtensibilityGlobals) = postSolution
		SolutionGuid = {5A8CBC9B-A601-45C8-85E8-4FCBF4B7E3FD}
	EndGlobalSection
EndGlobal
